{
    "_readme": [
        "This file locks the dependencies of your project to a known state",
        "Read more about it at http://getcomposer.org/doc/01-basic-usage.md#composer-lock-the-lock-file",
        "This file is @generated automatically"
    ],
    "hash": "ae1bbe024721fd4c38391e97cf0a61ac",
    "packages": [
        {
            "name": "longman/telegram-bot",
            "version": "0.21.0",
            "source": {
                "type": "git",
                "url": "https://github.com/akalongman/php-telegram-bot.git",
                "reference": "89413a16f28ae9865f486722a1f514ca79fe90a0"
            },
            "dist": {
                "type": "zip",
                "url": "https://api.github.com/repos/akalongman/php-telegram-bot/zipball/89413a16f28ae9865f486722a1f514ca79fe90a0",
                "reference": "89413a16f28ae9865f486722a1f514ca79fe90a0",
                "shasum": ""
            },
            "require": {
                "ext-curl": "*",
                "ext-pdo": "*",
                "php": ">=5.4.0"
            },
            "require-dev": {
                "phpspec/phpspec": "~2.1",
                "phpunit/phpunit": "4.1.*",
                "squizlabs/php_codesniffer": "2.3.*"
            },
            "type": "library",
            "autoload": {
                "psr-4": {
                    "Longman\\TelegramBot\\": "src/"
                }
            },
            "notification-url": "https://packagist.org/downloads/",
            "license": [
                "MIT"
            ],
            "authors": [
                {
                    "name": "Avtandil Kikabidze aka LONGMAN",
                    "email": "akalongman@gmail.com",
                    "homepage": "http://longman.ge",
                    "role": "Developer"
                }
            ],
            "description": "PHP telegram bot",
            "homepage": "https://github.com/akalongman/php-telegram-bot",
            "keywords": [
                "api",
                "bot",
                "telegram"
            ],
            "time": "2015-10-20 22:04:04"
        }
    ],
    "packages-dev": [],
    "aliases": [],
    "minimum-stability": "stable",
    "stability-flags": [],
    "prefer-stable": false,
    "prefer-lowest": false,
    "platform": {
        "php": ">=5.4.0"
    },
    "platform-dev": []
}
